
Microsoft Visual Studio Solution File, Format Version 12.00
# Visual Studio Version 17
VisualStudioVersion = 17.9.34728.123
MinimumVisualStudioVersion = 10.0.40219.1
Project("{9A19103F-16F7-4668-BE54-9A1E7A4F7556}") = "TalentoHumano-", "TalentoHumano\TalentoHumano-.csproj", "{ACFE0012-3AF8-439D-B1EE-B62515CAC276}"
EndProject
Global
	GlobalSection(SolutionConfigurationPlatforms) = preSolution
		Debug|Any CPU = Debug|Any CPU
		Release|Any CPU = Release|Any CPU
	EndGlobalSection
	GlobalSection(ProjectConfigurationPlatforms) = postSolution
		{ACFE0012-3AF8-439D-B1EE-B62515CAC276}.Debug|Any CPU.ActiveCfg = Debug|Any CPU
		{ACFE0012-3AF8-439D-B1EE-B62515CAC276}.Debug|Any CPU.Build.0 = Debug|Any CPU
		{ACFE0012-3AF8-439D-B1EE-B62515CAC276}.Release|Any CPU.ActiveCfg = Release|Any CPU
		{ACFE0012-3AF8-439D-B1EE-B62515CAC276}.Release|Any CPU.Build.0 = Release|Any CPU
	EndGlobalSection
	GlobalSection(SolutionProperties) = preSolution
		HideSolutionNode = FALSE
	EndGlobalSection
	GlobalSection(ExtensibilityGlobals) = postSolution
		SolutionGuid = {EBF4BADF-56A9-4C69-8C78-899AFE51BA03}
	EndGlobalSection
EndGlobal
